
Microsoft Visual Studio Solution File, Format Version 12.00
# Visual Studio Version 16
VisualStudioVersion = 16.0.30907.101
MinimumVisualStudioVersion = 10.0.40219.1
Project("{FAE04EC0-301F-11D3-BF4B-00C04F79EFBC}") = "ArrayBuildCSharp", "ArrayBuildCSharp\ArrayBuildCSharp.csproj", "{62A588B5-8568-4158-9714-98B1B6EA80E0}"
EndProject
Global
	GlobalSection(SolutionConfigurationPlatforms) = preSolution
		Debug|Any CPU = Debug|Any CPU
		Release|Any CPU = Release|Any CPU
	EndGlobalSection
	GlobalSection(ProjectConfigurationPlatforms) = postSolution
		{62A588B5-8568-4158-9714-98B1B6EA80E0}.Debug|Any CPU.ActiveCfg = Debug|Any CPU
		{62A588B5-8568-4158-9714-98B1B6EA80E0}.Debug|Any CPU.Build.0 = Debug|Any CPU
		{62A588B5-8568-4158-9714-98B1B6EA80E0}.Release|Any CPU.ActiveCfg = Release|Any CPU
		{62A588B5-8568-4158-9714-98B1B6EA80E0}.Release|Any CPU.Build.0 = Release|Any CPU
	EndGlobalSection
	GlobalSection(SolutionProperties) = preSolution
		HideSolutionNode = FALSE
	EndGlobalSection
	GlobalSection(ExtensibilityGlobals) = postSolution
		SolutionGuid = {95254337-2F84-46B0-B4FC-7E7E0ECF1AEC}
	EndGlobalSection
EndGlobal
